
Microsoft Visual Studio Solution File, Format Version 12.00
# Visual Studio Version 17
VisualStudioVersion = 17.5.002.0
MinimumVisualStudioVersion = 10.0.40219.1
Project("{2150E333-8FDC-42A3-9474-1A3956D46DE8}") = "csharp-prep", "csharp-prep", "{72E3C6DE-8449-4918-8332-20E50BBE270C}"
EndProject
Project("{9A19103F-16F7-4668-BE54-9A1E7A4F7556}") = "Prep1", "csharp-prep\Prep1\Prep1.csproj", "{2D125CAA-D206-414F-89F1-E0A13657355E}"
EndProject
Project("{9A19103F-16F7-4668-BE54-9A1E7A4F7556}") = "Prep2", "csharp-prep\Prep2\Prep2.csproj", "{2257BC9F-5F5F-4365-9F57-5F3316219BC5}"
EndProject
Project("{9A19103F-16F7-4668-BE54-9A1E7A4F7556}") = "Prep3", "csharp-prep\Prep3\Prep3.csproj", "{1DEBA5D3-F54F-4B27-BEB0-8205117D8746}"
EndProject
Project("{9A19103F-16F7-4668-BE54-9A1E7A4F7556}") = "Prep4", "csharp-prep\Prep4\Prep4.csproj", "{643E4BF9-60BD-4C8E-BDAC-B45917F304EF}"
EndProject
Project("{9A19103F-16F7-4668-BE54-9A1E7A4F7556}") = "Prep5", "csharp-prep\Prep5\Prep5.csproj", "{3FDD736E-04C5-4A24-8550-805FCE6A15D6}"
EndProject
Project("{2150E333-8FDC-42A3-9474-1A3956D46DE8}") = "final", "final", "{8F1DCFDB-55D8-401F-B7C3-70788299D044}"
EndProject
Project("{9A19103F-16F7-4668-BE54-9A1E7A4F7556}") = "FinalProject", "final\FinalProject\FinalProject.csproj", "{73C5872C-AF8B-42C7-9105-2131B6F14446}"
EndProject
Project("{9A19103F-16F7-4668-BE54-9A1E7A4F7556}") = "Foundation1", "final\Foundation1\Foundation1.csproj", "{1C962C0F-9E54-4598-AF13-A5D4C023EEDD}"
EndProject
Project("{9A19103F-16F7-4668-BE54-9A1E7A4F7556}") = "Foundation2", "final\Foundation2\Foundation2.csproj", "{5C5B5BCE-5FB3-490C-936F-9E63CCD9939B}"
EndProject
Project("{9A19103F-16F7-4668-BE54-9A1E7A4F7556}") = "Foundation3", "final\Foundation3\Foundation3.csproj", "{ABC69CCD-B743-44BD-B537-55E55CD256C8}"
EndProject
Project("{9A19103F-16F7-4668-BE54-9A1E7A4F7556}") = "Foundation4", "final\Foundation4\Foundation4.csproj", "{0ED2573F-4BC1-46DE-918B-D0DEF4EFFA9F}"
EndProject
Project("{2150E333-8FDC-42A3-9474-1A3956D46DE8}") = "prepare", "prepare", "{63F4BC1C-9C26-4633-A455-3B7577701D9B}"
EndProject
Project("{9A19103F-16F7-4668-BE54-9A1E7A4F7556}") = "Learning02", "prepare\Learning02\Learning02.csproj", "{9313E45C-2607-4269-96F5-F0C8BC6877CA}"
EndProject
Project("{9A19103F-16F7-4668-BE54-9A1E7A4F7556}") = "Learning03", "prepare\Learning03\Learning03.csproj", "{C4338D82-BA3B-4C40-BCDC-E6CF31432E84}"
EndProject
Project("{9A19103F-16F7-4668-BE54-9A1E7A4F7556}") = "Learning04", "prepare\Learning04\Learning04.csproj", "{ABD33602-0242-453E-AB88-3BDE251FA498}"
EndProject
Project("{9A19103F-16F7-4668-BE54-9A1E7A4F7556}") = "Learning05", "prepare\Learning05\Learning05.csproj", "{F3FE2454-A9DC-4ADB-A508-F85F39FE88DA}"
EndProject
Project("{2150E333-8FDC-42A3-9474-1A3956D46DE8}") = "prove", "prove", "{0D47CE50-8902-4C62-AB78-CC47B089D4FD}"
EndProject
Project("{9A19103F-16F7-4668-BE54-9A1E7A4F7556}") = "Develop02", "prove\Develop02\Develop02.csproj", "{AF5EC064-9581-43B6-AEBA-39A84632DAC6}"
EndProject
Project("{9A19103F-16F7-4668-BE54-9A1E7A4F7556}") = "Develop03", "prove\Develop03\Develop03.csproj", "{92FC4552-4199-461B-9823-AC8D06FDE471}"
EndProject
Project("{9A19103F-16F7-4668-BE54-9A1E7A4F7556}") = "Develop04", "prove\Develop04\Develop04.csproj", "{57FB546A-3073-43FC-8A2B-11CA38D6855B}"
EndProject
Project("{9A19103F-16F7-4668-BE54-9A1E7A4F7556}") = "Develop05", "prove\Develop05\Develop05.csproj", "{6D7E7FE4-0562-4A1C-9C62-6EA017159260}"
EndProject
Project("{2150E333-8FDC-42A3-9474-1A3956D46DE8}") = "sandbox", "sandbox", "{1F6B6AF4-2B65-431F-AC01-BDB75281B778}"
EndProject
Project("{9A19103F-16F7-4668-BE54-9A1E7A4F7556}") = "Sandbox", "sandbox\Sandbox\Sandbox.csproj", "{C6EBDEF0-C1FB-42ED-AC90-BFEF43202928}"
EndProject
Global
	GlobalSection(SolutionConfigurationPlatforms) = preSolution
		Debug|Any CPU = Debug|Any CPU
		Release|Any CPU = Release|Any CPU
	EndGlobalSection
	GlobalSection(ProjectConfigurationPlatforms) = postSolution
		{2D125CAA-D206-414F-89F1-E0A13657355E}.Debug|Any CPU.ActiveCfg = Debug|Any CPU
		{2D125CAA-D206-414F-89F1-E0A13657355E}.Debug|Any CPU.Build.0 = Debug|Any CPU
		{2D125CAA-D206-414F-89F1-E0A13657355E}.Release|Any CPU.ActiveCfg = Release|Any CPU
		{2D125CAA-D206-414F-89F1-E0A13657355E}.Release|Any CPU.Build.0 = Release|Any CPU
		{2257BC9F-5F5F-4365-9F57-5F3316219BC5}.Debug|Any CPU.ActiveCfg = Debug|Any CPU
		{2257BC9F-5F5F-4365-9F57-5F3316219BC5}.Debug|Any CPU.Build.0 = Debug|Any CPU
		{2257BC9F-5F5F-4365-9F57-5F3316219BC5}.Release|Any CPU.ActiveCfg = Release|Any CPU
		{2257BC9F-5F5F-4365-9F57-5F3316219BC5}.Release|Any CPU.Build.0 = Release|Any CPU
		{1DEBA5D3-F54F-4B27-BEB0-8205117D8746}.Debug|Any CPU.ActiveCfg = Debug|Any CPU
		{1DEBA5D3-F54F-4B27-BEB0-8205117D8746}.Debug|Any CPU.Build.0 = Debug|Any CPU
		{1DEBA5D3-F54F-4B27-BEB0-8205117D8746}.Release|Any CPU.ActiveCfg = Release|Any CPU
		{1DEBA5D3-F54F-4B27-BEB0-8205117D8746}.Release|Any CPU.Build.0 = Release|Any CPU
		{643E4BF9-60BD-4C8E-BDAC-B45917F304EF}.Debug|Any CPU.ActiveCfg = Debug|Any CPU
		{643E4BF9-60BD-4C8E-BDAC-B45917F304EF}.Debug|Any CPU.Build.0 = Debug|Any CPU
		{643E4BF9-60BD-4C8E-BDAC-B45917F304EF}.Release|Any CPU.ActiveCfg = Release|Any CPU
		{643E4BF9-60BD-4C8E-BDAC-B45917F304EF}.Release|Any CPU.Build.0 = Release|Any CPU
		{3FDD736E-04C5-4A24-8550-805FCE6A15D6}.Debug|Any CPU.ActiveCfg = Debug|Any CPU
		{3FDD736E-04C5-4A24-8550-805FCE6A15D6}.Debug|Any CPU.Build.0 = Debug|Any CPU
		{3FDD736E-04C5-4A24-8550-805FCE6A15D6}.Release|Any CPU.ActiveCfg = Release|Any CPU
		{3FDD736E-04C5-4A24-8550-805FCE6A15D6}.Release|Any CPU.Build.0 = Release|Any CPU
		{73C5872C-AF8B-42C7-9105-2131B6F14446}.Debug|Any CPU.ActiveCfg = Debug|Any CPU
		{73C5872C-AF8B-42C7-9105-2131B6F14446}.Debug|Any CPU.Build.0 = Debug|Any CPU
		{73C5872C-AF8B-42C7-9105-2131B6F14446}.Release|Any CPU.ActiveCfg = Release|Any CPU
		{73C5872C-AF8B-42C7-9105-2131B6F14446}.Release|Any CPU.Build.0 = Release|Any CPU
		{1C962C0F-9E54-4598-AF13-A5D4C023EEDD}.Debug|Any CPU.ActiveCfg = Debug|Any CPU
		{1C962C0F-9E54-4598-AF13-A5D4C023EEDD}.Debug|Any CPU.Build.0 = Debug|Any CPU
		{1C962C0F-9E54-4598-AF13-A5D4C023EEDD}.Release|Any CPU.ActiveCfg = Release|Any CPU
		{1C962C0F-9E54-4598-AF13-A5D4C023EEDD}.Release|Any CPU.Build.0 = Release|Any CPU
		{5C5B5BCE-5FB3-490C-936F-9E63CCD9939B}.Debug|Any CPU.ActiveCfg = Debug|Any CPU
		{5C5B5BCE-5FB3-490C-936F-9E63CCD9939B}.Debug|Any CPU.Build.0 = Debug|Any CPU
		{5C5B5BCE-5FB3-490C-936F-9E63CCD9939B}.Release|Any CPU.ActiveCfg = Release|Any CPU
		{5C5B5BCE-5FB3-490C-936F-9E63CCD9939B}.Release|Any CPU.Build.0 = Release|Any CPU
		{ABC69CCD-B743-44BD-B537-55E55CD256C8}.Debug|Any CPU.ActiveCfg = Debug|Any CPU
		{ABC69CCD-B743-44BD-B537-55E55CD256C8}.Debug|Any CPU.Build.0 = Debug|Any CPU
		{ABC69CCD-B743-44BD-B537-55E55CD256C8}.Release|Any CPU.ActiveCfg = Release|Any CPU
		{ABC69CCD-B743-44BD-B537-55E55CD256C8}.Release|Any CPU.Build.0 = Release|Any CPU
		{0ED2573F-4BC1-46DE-918B-D0DEF4EFFA9F}.Debug|Any CPU.ActiveCfg = Debug|Any CPU
		{0ED2573F-4BC1-46DE-918B-D0DEF4EFFA9F}.Debug|Any CPU.Build.0 = Debug|Any CPU
		{0ED2573F-4BC1-46DE-918B-D0DEF4EFFA9F}.Release|Any CPU.ActiveCfg = Release|Any CPU
		{0ED2573F-4BC1-46DE-918B-D0DEF4EFFA9F}.Release|Any CPU.Build.0 = Release|Any CPU
		{9313E45C-2607-4269-96F5-F0C8BC6877CA}.Debug|Any CPU.ActiveCfg = Debug|Any CPU
		{9313E45C-2607-4269-96F5-F0C8BC6877CA}.Debug|Any CPU.Build.0 = Debug|Any CPU
		{9313E45C-2607-4269-96F5-F0C8BC6877CA}.Release|Any CPU.ActiveCfg = Release|Any CPU
		{9313E45C-2607-4269-96F5-F0C8BC6877CA}.Release|Any CPU.Build.0 = Release|Any CPU
		{C4338D82-BA3B-4C40-BCDC-E6CF31432E84}.Debug|Any CPU.ActiveCfg = Debug|Any CPU
		{C4338D82-BA3B-4C40-BCDC-E6CF31432E84}.Debug|Any CPU.Build.0 = Debug|Any CPU
		{C4338D82-BA3B-4C40-BCDC-E6CF31432E84}.Release|Any CPU.ActiveCfg = Release|Any CPU
		{C4338D82-BA3B-4C40-BCDC-E6CF31432E84}.Release|Any CPU.Build.0 = Release|Any CPU
		{ABD33602-0242-453E-AB88-3BDE251FA498}.Debug|Any CPU.ActiveCfg = Debug|Any CPU
		{ABD33602-0242-453E-AB88-3BDE251FA498}.Debug|Any CPU.Build.0 = Debug|Any CPU
		{ABD33602-0242-453E-AB88-3BDE251FA498}.Release|Any CPU.ActiveCfg = Release|Any CPU
		{ABD33602-0242-453E-AB88-3BDE251FA498}.Release|Any CPU.Build.0 = Release|Any CPU
		{F3FE2454-A9DC-4ADB-A508-F85F39FE88DA}.Debug|Any CPU.ActiveCfg = Debug|Any CPU
		{F3FE2454-A9DC-4ADB-A508-F85F39FE88DA}.Debug|Any CPU.Build.0 = Debug|Any CPU
		{F3FE2454-A9DC-4ADB-A508-F85F39FE88DA}.Release|Any CPU.ActiveCfg = Release|Any CPU
		{F3FE2454-A9DC-4ADB-A508-F85F39FE88DA}.Release|Any CPU.Build.0 = Release|Any CPU
		{AF5EC064-9581-43B6-AEBA-39A84632DAC6}.Debug|Any CPU.ActiveCfg = Debug|Any CPU
		{AF5EC064-9581-43B6-AEBA-39A84632DAC6}.Debug|Any CPU.Build.0 = Debug|Any CPU
		{AF5EC064-9581-43B6-AEBA-39A84632DAC6}.Release|Any CPU.ActiveCfg = Release|Any CPU
		{AF5EC064-9581-43B6-AEBA-39A84632DAC6}.Release|Any CPU.Build.0 = Release|Any CPU
		{92FC4552-4199-461B-9823-AC8D06FDE471}.Debug|Any CPU.ActiveCfg = Debug|Any CPU
		{92FC4552-4199-461B-9823-AC8D06FDE471}.Debug|Any CPU.Build.0 = Debug|Any CPU
		{92FC4552-4199-461B-9823-AC8D06FDE471}.Release|Any CPU.ActiveCfg = Release|Any CPU
		{92FC4552-4199-461B-9823-AC8D06FDE471}.Release|Any CPU.Build.0 = Release|Any CPU
		{57FB546A-3073-43FC-8A2B-11CA38D6855B}.Debug|Any CPU.ActiveCfg = Debug|Any CPU
		{57FB546A-3073-43FC-8A2B-11CA38D6855B}.Debug|Any CPU.Build.0 = Debug|Any CPU
		{57FB546A-3073-43FC-8A2B-11CA38D6855B}.Release|Any CPU.ActiveCfg = Release|Any CPU
		{57FB546A-3073-43FC-8A2B-11CA38D6855B}.Release|Any CPU.Build.0 = Release|Any CPU
		{6D7E7FE4-0562-4A1C-9C62-6EA017159260}.Debug|Any CPU.ActiveCfg = Debug|Any CPU
		{6D7E7FE4-0562-4A1C-9C62-6EA017159260}.Debug|Any CPU.Build.0 = Debug|Any CPU
		{6D7E7FE4-0562-4A1C-9C62-6EA017159260}.Release|Any CPU.ActiveCfg = Release|Any CPU
		{6D7E7FE4-0562-4A1C-9C62-6EA017159260}.Release|Any CPU.Build.0 = Release|Any CPU
		{C6EBDEF0-C1FB-42ED-AC90-BFEF43202928}.Debug|Any CPU.ActiveCfg = Debug|Any CPU
		{C6EBDEF0-C1FB-42ED-AC90-BFEF43202928}.Debug|Any CPU.Build.0 = Debug|Any CPU
		{C6EBDEF0-C1FB-42ED-AC90-BFEF43202928}.Release|Any CPU.ActiveCfg = Release|Any CPU
		{C6EBDEF0-C1FB-42ED-AC90-BFEF43202928}.Release|Any CPU.Build.0 = Release|Any CPU
	EndGlobalSection
	GlobalSection(SolutionProperties) = preSolution
		HideSolutionNode = FALSE
	EndGlobalSection
	GlobalSection(NestedProjects) = preSolution
		{2D125CAA-D206-414F-89F1-E0A13657355E} = {72E3C6DE-8449-4918-8332-20E50BBE270C}
		{2257BC9F-5F5F-4365-9F57-5F3316219BC5} = {72E3C6DE-8449-4918-8332-20E50BBE270C}
		{1DEBA5D3-F54F-4B27-BEB0-8205117D8746} = {72E3C6DE-8449-4918-8332-20E50BBE270C}
		{643E4BF9-60BD-4C8E-BDAC-B45917F304EF} = {72E3C6DE-8449-4918-8332-20E50BBE270C}
		{3FDD736E-04C5-4A24-8550-805FCE6A15D6} = {72E3C6DE-8449-4918-8332-20E50BBE270C}
		{73C5872C-AF8B-42C7-9105-2131B6F14446} = {8F1DCFDB-55D8-401F-B7C3-70788299D044}
		{1C962C0F-9E54-4598-AF13-A5D4C023EEDD} = {8F1DCFDB-55D8-401F-B7C3-70788299D044}
		{5C5B5BCE-5FB3-490C-936F-9E63CCD9939B} = {8F1DCFDB-55D8-401F-B7C3-70788299D044}
		{ABC69CCD-B743-44BD-B537-55E55CD256C8} = {8F1DCFDB-55D8-401F-B7C3-70788299D044}
		{0ED2573F-4BC1-46DE-918B-D0DEF4EFFA9F} = {8F1DCFDB-55D8-401F-B7C3-70788299D044}
		{9313E45C-2607-4269-96F5-F0C8BC6877CA} = {63F4BC1C-9C26-4633-A455-3B7577701D9B}
		{C4338D82-BA3B-4C40-BCDC-E6CF31432E84} = {63F4BC1C-9C26-4633-A455-3B7577701D9B}
		{ABD33602-0242-453E-AB88-3BDE251FA498} = {63F4BC1C-9C26-4633-A455-3B7577701D9B}
		{F3FE2454-A9DC-4ADB-A508-F85F39FE88DA} = {63F4BC1C-9C26-4633-A455-3B7577701D9B}
		{AF5EC064-9581-43B6-AEBA-39A84632DAC6} = {0D47CE50-8902-4C62-AB78-CC47B089D4FD}
		{92FC4552-4199-461B-9823-AC8D06FDE471} = {0D47CE50-8902-4C62-AB78-CC47B089D4FD}
		{57FB546A-3073-43FC-8A2B-11CA38D6855B} = {0D47CE50-8902-4C62-AB78-CC47B089D4FD}
		{6D7E7FE4-0562-4A1C-9C62-6EA017159260} = {0D47CE50-8902-4C62-AB78-CC47B089D4FD}
		{C6EBDEF0-C1FB-42ED-AC90-BFEF43202928} = {1F6B6AF4-2B65-431F-AC01-BDB75281B778}
	EndGlobalSection
	GlobalSection(ExtensibilityGlobals) = postSolution
		SolutionGuid = {43523BB1-C22F-41CF-A749-76FEB60A00DE}
	EndGlobalSection
EndGlobal
